// !$*UTF8*$!
{
	archiveVersion = 1;
	classes = {
	};
	objectVersion = 56;
	objects = {

/* Begin PBXBuildFile section */
		C315F7C6292BDB4C00BB0558 /* AppDelegate.swift in Sources */ = {isa = PBXBuildFile; fileRef = C315F7C5292BDB4C00BB0558 /* AppDelegate.swift */; };
		C315F7C8292BDB4C00BB0558 /* SceneDelegate.swift in Sources */ = {isa = PBXBuildFile; fileRef = C315F7C7292BDB4C00BB0558 /* SceneDelegate.swift */; };
		C315F7CD292BDB4C00BB0558 /* Main.storyboard in Resources */ = {isa = PBXBuildFile; fileRef = C315F7CB292BDB4C00BB0558 /* Main.storyboard */; };
		C315F7CF292BDB4D00BB0558 /* Assets.xcassets in Resources */ = {isa = PBXBuildFile; fileRef = C315F7CE292BDB4D00BB0558 /* Assets.xcassets */; };
		C315F7D2292BDB4D00BB0558 /* LaunchScreen.storyboard in Resources */ = {isa = PBXBuildFile; fileRef = C315F7D0292BDB4D00BB0558 /* LaunchScreen.storyboard */; };
		C315F7E2292BE03700BB0558 /* CurrencyListViewController.swift in Sources */ = {isa = PBXBuildFile; fileRef = C315F7E1292BE03700BB0558 /* CurrencyListViewController.swift */; };
		C315F7E5292BE0BE00BB0558 /* Client.swift in Sources */ = {isa = PBXBuildFile; fileRef = C315F7E4292BE0BE00BB0558 /* Client.swift */; };
		C315F7E7292BE21500BB0558 /* BaseResponse.swift in Sources */ = {isa = PBXBuildFile; fileRef = C315F7E6292BE21500BB0558 /* BaseResponse.swift */; };
		C315F7E9292BE2BA00BB0558 /* GetAssetsResponseModel.swift in Sources */ = {isa = PBXBuildFile; fileRef = C315F7E8292BE2BA00BB0558 /* GetAssetsResponseModel.swift */; };
		C315F7EB292BE31100BB0558 /* AssetModel.swift in Sources */ = {isa = PBXBuildFile; fileRef = C315F7EA292BE31100BB0558 /* AssetModel.swift */; };
		C315F7F0292BE64900BB0558 /* CurrencyTableViewCell.swift in Sources */ = {isa = PBXBuildFile; fileRef = C315F7EE292BE64900BB0558 /* CurrencyTableViewCell.swift */; };
		C315F7F1292BE64A00BB0558 /* CurrencyTableViewCell.xib in Resources */ = {isa = PBXBuildFile; fileRef = C315F7EF292BE64900BB0558 /* CurrencyTableViewCell.xib */; };
		C315F7F4292BEE8E00BB0558 /* MaterialActivityIndicator in Frameworks */ = {isa = PBXBuildFile; productRef = C315F7F3292BEE8E00BB0558 /* MaterialActivityIndicator */; };
		C315F7F6292BF0BB00BB0558 /* MarketListViewController.swift in Sources */ = {isa = PBXBuildFile; fileRef = C315F7F5292BF0BB00BB0558 /* MarketListViewController.swift */; };
		C315F7F8292BF15900BB0558 /* GetMarketsResponseModel.swift in Sources */ = {isa = PBXBuildFile; fileRef = C315F7F7292BF15900BB0558 /* GetMarketsResponseModel.swift */; };
		C315F7FA292BF19C00BB0558 /* MarketModel.swift in Sources */ = {isa = PBXBuildFile; fileRef = C315F7F9292BF19C00BB0558 /* MarketModel.swift */; };
		C315F7FD292BF38E00BB0558 /* MarketTableViewCell.swift in Sources */ = {isa = PBXBuildFile; fileRef = C315F7FB292BF38E00BB0558 /* MarketTableViewCell.swift */; };
		C315F7FE292BF38E00BB0558 /* MarketTableViewCell.xib in Resources */ = {isa = PBXBuildFile; fileRef = C315F7FC292BF38E00BB0558 /* MarketTableViewCell.xib */; };
		C315F800292BF77B00BB0558 /* BaseViewController.swift in Sources */ = {isa = PBXBuildFile; fileRef = C315F7FF292BF77B00BB0558 /* BaseViewController.swift */; };
		C315F802292BF9E200BB0558 /* MarketDetailViewController.swift in Sources */ = {isa = PBXBuildFile; fileRef = C315F801292BF9E200BB0558 /* MarketDetailViewController.swift */; };
		C315F804292BFD7100BB0558 /* GetHistoryResponseModel.swift in Sources */ = {isa = PBXBuildFile; fileRef = C315F803292BFD7100BB0558 /* GetHistoryResponseModel.swift */; };
		C315F806292BFE0600BB0558 /* HistoryModel.swift in Sources */ = {isa = PBXBuildFile; fileRef = C315F805292BFE0600BB0558 /* HistoryModel.swift */; };
		C315F809292C01F200BB0558 /* HistoryTableViewCell.swift in Sources */ = {isa = PBXBuildFile; fileRef = C315F807292C01F200BB0558 /* HistoryTableViewCell.swift */; };
		C315F80A292C01F200BB0558 /* HistoryTableViewCell.xib in Resources */ = {isa = PBXBuildFile; fileRef = C315F808292C01F200BB0558 /* HistoryTableViewCell.xib */; };
/* End PBXBuildFile section */

/* Begin PBXFileReference section */
		C315F7C2292BDB4C00BB0558 /* CryptoCo.app */ = {isa = PBXFileReference; explicitFileType = wrapper.application; includeInIndex = 0; path = CryptoCo.app; sourceTree = BUILT_PRODUCTS_DIR; };
		C315F7C5292BDB4C00BB0558 /* AppDelegate.swift */ = {isa = PBXFileReference; lastKnownFileType = sourcecode.swift; path = AppDelegate.swift; sourceTree = "<group>"; };
		C315F7C7292BDB4C00BB0558 /* SceneDelegate.swift */ = {isa = PBXFileReference; lastKnownFileType = sourcecode.swift; path = SceneDelegate.swift; sourceTree = "<group>"; };
		C315F7CC292BDB4C00BB0558 /* Base */ = {isa = PBXFileReference; lastKnownFileType = file.storyboard; name = Base; path = Base.lproj/Main.storyboard; sourceTree = "<group>"; };
		C315F7CE292BDB4D00BB0558 /* Assets.xcassets */ = {isa = PBXFileReference; lastKnownFileType = folder.assetcatalog; path = Assets.xcassets; sourceTree = "<group>"; };
		C315F7D1292BDB4D00BB0558 /* Base */ = {isa = PBXFileReference; lastKnownFileType = file.storyboard; name = Base; path = Base.lproj/LaunchScreen.storyboard; sourceTree = "<group>"; };
		C315F7D3292BDB4D00BB0558 /* Info.plist */ = {isa = PBXFileReference; lastKnownFileType = text.plist.xml; path = Info.plist; sourceTree = "<group>"; };
		C315F7E1292BE03700BB0558 /* CurrencyListViewController.swift */ = {isa = PBXFileReference; lastKnownFileType = sourcecode.swift; path = CurrencyListViewController.swift; sourceTree = "<group>"; };
		C315F7E4292BE0BE00BB0558 /* Client.swift */ = {isa = PBXFileReference; lastKnownFileType = sourcecode.swift; path = Client.swift; sourceTree = "<group>"; };
		C315F7E6292BE21500BB0558 /* BaseResponse.swift */ = {isa = PBXFileReference; lastKnownFileType = sourcecode.swift; path = BaseResponse.swift; sourceTree = "<group>"; };
		C315F7E8292BE2BA00BB0558 /* GetAssetsResponseModel.swift */ = {isa = PBXFileReference; lastKnownFileType = sourcecode.swift; path = GetAssetsResponseModel.swift; sourceTree = "<group>"; };
		C315F7EA292BE31100BB0558 /* AssetModel.swift */ = {isa = PBXFileReference; lastKnownFileType = sourcecode.swift; path = AssetModel.swift; sourceTree = "<group>"; };
		C315F7EE292BE64900BB0558 /* CurrencyTableViewCell.swift */ = {isa = PBXFileReference; lastKnownFileType = sourcecode.swift; path = CurrencyTableViewCell.swift; sourceTree = "<group>"; };
		C315F7EF292BE64900BB0558 /* CurrencyTableViewCell.xib */ = {isa = PBXFileReference; lastKnownFileType = file.xib; path = CurrencyTableViewCell.xib; sourceTree = "<group>"; };
		C315F7F5292BF0BB00BB0558 /* MarketListViewController.swift */ = {isa = PBXFileReference; lastKnownFileType = sourcecode.swift; path = MarketListViewController.swift; sourceTree = "<group>"; };
		C315F7F7292BF15900BB0558 /* GetMarketsResponseModel.swift */ = {isa = PBXFileReference; lastKnownFileType = sourcecode.swift; path = GetMarketsResponseModel.swift; sourceTree = "<group>"; };
		C315F7F9292BF19C00BB0558 /* MarketModel.swift */ = {isa = PBXFileReference; lastKnownFileType = sourcecode.swift; path = MarketModel.swift; sourceTree = "<group>"; };
		C315F7FB292BF38E00BB0558 /* MarketTableViewCell.swift */ = {isa = PBXFileReference; lastKnownFileType = sourcecode.swift; path = MarketTableViewCell.swift; sourceTree = "<group>"; };
		C315F7FC292BF38E00BB0558 /* MarketTableViewCell.xib */ = {isa = PBXFileReference; lastKnownFileType = file.xib; path = MarketTableViewCell.xib; sourceTree = "<group>"; };
		C315F7FF292BF77B00BB0558 /* BaseViewController.swift */ = {isa = PBXFileReference; lastKnownFileType = sourcecode.swift; path = BaseViewController.swift; sourceTree = "<group>"; };
		C315F801292BF9E200BB0558 /* MarketDetailViewController.swift */ = {isa = PBXFileReference; lastKnownFileType = sourcecode.swift; path = MarketDetailViewController.swift; sourceTree = "<group>"; };
		C315F803292BFD7100BB0558 /* GetHistoryResponseModel.swift */ = {isa = PBXFileReference; lastKnownFileType = sourcecode.swift; path = GetHistoryResponseModel.swift; sourceTree = "<group>"; };
		C315F805292BFE0600BB0558 /* HistoryModel.swift */ = {isa = PBXFileReference; lastKnownFileType = sourcecode.swift; path = HistoryModel.swift; sourceTree = "<group>"; };
		C315F807292C01F200BB0558 /* HistoryTableViewCell.swift */ = {isa = PBXFileReference; lastKnownFileType = sourcecode.swift; path = HistoryTableViewCell.swift; sourceTree = "<group>"; };
		C315F808292C01F200BB0558 /* HistoryTableViewCell.xib */ = {isa = PBXFileReference; lastKnownFileType = file.xib; path = HistoryTableViewCell.xib; sourceTree = "<group>"; };
/* End PBXFileReference section */

/* Begin PBXFrameworksBuildPhase section */
		C315F7BF292BDB4C00BB0558 /* Frameworks */ = {
			isa = PBXFrameworksBuildPhase;
			buildActionMask = 2147483647;
			files = (
				C315F7F4292BEE8E00BB0558 /* MaterialActivityIndicator in Frameworks */,
			);
			runOnlyForDeploymentPostprocessing = 0;
		};
/* End PBXFrameworksBuildPhase section */

/* Begin PBXGroup section */
		C315F7B9292BDB4C00BB0558 = {
			isa = PBXGroup;
			children = (
				C315F7C4292BDB4C00BB0558 /* CryptoCo */,
				C315F7C3292BDB4C00BB0558 /* Products */,
			);
			sourceTree = "<group>";
		};
		C315F7C3292BDB4C00BB0558 /* Products */ = {
			isa = PBXGroup;
			children = (
				C315F7C2292BDB4C00BB0558 /* CryptoCo.app */,
			);
			name = Products;
			sourceTree = "<group>";
		};
		C315F7C4292BDB4C00BB0558 /* CryptoCo */ = {
			isa = PBXGroup;
			children = (
				C315F7E3292BE08700BB0558 /* Service */,
				C315F7DD292BDEC500BB0558 /* App */,
				C315F7DE292BDECC00BB0558 /* Controllers */,
				C315F7E0292BDEDD00BB0558 /* Models */,
				C315F7DF292BDED800BB0558 /* Views */,
				C315F7D3292BDB4D00BB0558 /* Info.plist */,
			);
			path = CryptoCo;
			sourceTree = "<group>";
		};
		C315F7DD292BDEC500BB0558 /* App */ = {
			isa = PBXGroup;
			children = (
				C315F7C5292BDB4C00BB0558 /* AppDelegate.swift */,
				C315F7C7292BDB4C00BB0558 /* SceneDelegate.swift */,
				C315F7CB292BDB4C00BB0558 /* Main.storyboard */,
				C315F7CE292BDB4D00BB0558 /* Assets.xcassets */,
				C315F7D0292BDB4D00BB0558 /* LaunchScreen.storyboard */,
			);
			path = App;
			sourceTree = "<group>";
		};
		C315F7DE292BDECC00BB0558 /* Controllers */ = {
			isa = PBXGroup;
			children = (
				C315F7E1292BE03700BB0558 /* CurrencyListViewController.swift */,
				C315F7F5292BF0BB00BB0558 /* MarketListViewController.swift */,
				C315F7FF292BF77B00BB0558 /* BaseViewController.swift */,
				C315F801292BF9E200BB0558 /* MarketDetailViewController.swift */,
			);
			path = Controllers;
			sourceTree = "<group>";
		};
		C315F7DF292BDED800BB0558 /* Views */ = {
			isa = PBXGroup;
			children = (
				C315F7EE292BE64900BB0558 /* CurrencyTableViewCell.swift */,
				C315F7EF292BE64900BB0558 /* CurrencyTableViewCell.xib */,
				C315F7FB292BF38E00BB0558 /* MarketTableViewCell.swift */,
				C315F7FC292BF38E00BB0558 /* MarketTableViewCell.xib */,
				C315F807292C01F200BB0558 /* HistoryTableViewCell.swift */,
				C315F808292C01F200BB0558 /* HistoryTableViewCell.xib */,
			);
			path = Views;
			sourceTree = "<group>";
		};
		C315F7E0292BDEDD00BB0558 /* Models */ = {
			isa = PBXGroup;
			children = (
				C315F7E8292BE2BA00BB0558 /* GetAssetsResponseModel.swift */,
				C315F7EA292BE31100BB0558 /* AssetModel.swift */,
				C315F7F7292BF15900BB0558 /* GetMarketsResponseModel.swift */,
				C315F7F9292BF19C00BB0558 /* MarketModel.swift */,
				C315F803292BFD7100BB0558 /* GetHistoryResponseModel.swift */,
				C315F805292BFE0600BB0558 /* HistoryModel.swift */,
			);
			path = Models;
			sourceTree = "<group>";
		};
		C315F7E3292BE08700BB0558 /* Service */ = {
			isa = PBXGroup;
			children = (
				C315F7E4292BE0BE00BB0558 /* Client.swift */,
				C315F7E6292BE21500BB0558 /* BaseResponse.swift */,
			);
			path = Service;
			sourceTree = "<group>";
		};
/* End PBXGroup section */

/* Begin PBXNativeTarget section */
		C315F7C1292BDB4C00BB0558 /* CryptoCo */ = {
			isa = PBXNativeTarget;
			buildConfigurationList = C315F7D6292BDB4D00BB0558 /* Build configuration list for PBXNativeTarget "CryptoCo" */;
			buildPhases = (
				C315F7BE292BDB4C00BB0558 /* Sources */,
				C315F7BF292BDB4C00BB0558 /* Frameworks */,
				C315F7C0292BDB4C00BB0558 /* Resources */,
			);
			buildRules = (
			);
			dependencies = (
			);
			name = CryptoCo;
			packageProductDependencies = (
				C315F7F3292BEE8E00BB0558 /* MaterialActivityIndicator */,
			);
			productName = CryptoCo;
			productReference = C315F7C2292BDB4C00BB0558 /* CryptoCo.app */;
			productType = "com.apple.product-type.application";
		};
/* End PBXNativeTarget section */

/* Begin PBXProject section */
		C315F7BA292BDB4C00BB0558 /* Project object */ = {
			isa = PBXProject;
			attributes = {
				BuildIndependentTargetsInParallel = 1;
				LastSwiftUpdateCheck = 1410;
				LastUpgradeCheck = 1410;
				TargetAttributes = {
					C315F7C1292BDB4C00BB0558 = {
						CreatedOnToolsVersion = 14.1;
					};
				};
			};
			buildConfigurationList = C315F7BD292BDB4C00BB0558 /* Build configuration list for PBXProject "CryptoCo" */;
			compatibilityVersion = "Xcode 14.0";
			developmentRegion = en;
			hasScannedForEncodings = 0;
			knownRegions = (
				en,
				Base,
			);
			mainGroup = C315F7B9292BDB4C00BB0558;
			packageReferences = (
				C315F7F2292BEE8E00BB0558 /* XCRemoteSwiftPackageReference "MaterialActivityIndicator" */,
			);
			productRefGroup = C315F7C3292BDB4C00BB0558 /* Products */;
			projectDirPath = "";
			projectRoot = "";
			targets = (
				C315F7C1292BDB4C00BB0558 /* CryptoCo */,
			);
		};
/* End PBXProject section */

/* Begin PBXResourcesBuildPhase section */
		C315F7C0292BDB4C00BB0558 /* Resources */ = {
			isa = PBXResourcesBuildPhase;
			buildActionMask = 2147483647;
			files = (
				C315F7F1292BE64A00BB0558 /* CurrencyTableViewCell.xib in Resources */,
				C315F7FE292BF38E00BB0558 /* MarketTableViewCell.xib in Resources */,
				C315F7D2292BDB4D00BB0558 /* LaunchScreen.storyboard in Resources */,
				C315F7CF292BDB4D00BB0558 /* Assets.xcassets in Resources */,
				C315F80A292C01F200BB0558 /* HistoryTableViewCell.xib in Resources */,
				C315F7CD292BDB4C00BB0558 /* Main.storyboard in Resources */,
			);
			runOnlyForDeploymentPostprocessing = 0;
		};
/* End PBXResourcesBuildPhase section */

/* Begin PBXSourcesBuildPhase section */
		C315F7BE292BDB4C00BB0558 /* Sources */ = {
			isa = PBXSourcesBuildPhase;
			buildActionMask = 2147483647;
			files = (
				C315F806292BFE0600BB0558 /* HistoryModel.swift in Sources */,
				C315F800292BF77B00BB0558 /* BaseViewController.swift in Sources */,
				C315F7E7292BE21500BB0558 /* BaseResponse.swift in Sources */,
				C315F7FA292BF19C00BB0558 /* MarketModel.swift in Sources */,
				C315F804292BFD7100BB0558 /* GetHistoryResponseModel.swift in Sources */,
				C315F7C6292BDB4C00BB0558 /* AppDelegate.swift in Sources */,
				C315F7E2292BE03700BB0558 /* CurrencyListViewController.swift in Sources */,
				C315F7F6292BF0BB00BB0558 /* MarketListViewController.swift in Sources */,
				C315F7E5292BE0BE00BB0558 /* Client.swift in Sources */,
				C315F809292C01F200BB0558 /* HistoryTableViewCell.swift in Sources */,
				C315F7F8292BF15900BB0558 /* GetMarketsResponseModel.swift in Sources */,
				C315F7F0292BE64900BB0558 /* CurrencyTableViewCell.swift in Sources */,
				C315F7E9292BE2BA00BB0558 /* GetAssetsResponseModel.swift in Sources */,
				C315F802292BF9E200BB0558 /* MarketDetailViewController.swift in Sources */,
				C315F7EB292BE31100BB0558 /* AssetModel.swift in Sources */,
				C315F7C8292BDB4C00BB0558 /* SceneDelegate.swift in Sources */,
				C315F7FD292BF38E00BB0558 /* MarketTableViewCell.swift in Sources */,
			);
			runOnlyForDeploymentPostprocessing = 0;
		};
/* End PBXSourcesBuildPhase section */

/* Begin PBXVariantGroup section */
		C315F7CB292BDB4C00BB0558 /* Main.storyboard */ = {
			isa = PBXVariantGroup;
			children = (
				C315F7CC292BDB4C00BB0558 /* Base */,
			);
			name = Main.storyboard;
			sourceTree = "<group>";
		};
		C315F7D0292BDB4D00BB0558 /* LaunchScreen.storyboard */ = {
			isa = PBXVariantGroup;
			children = (
				C315F7D1292BDB4D00BB0558 /* Base */,
			);
			name = LaunchScreen.storyboard;
			sourceTree = "<group>";
		};
/* End PBXVariantGroup section */

/* Begin XCBuildConfiguration section */
		C315F7D4292BDB4D00BB0558 /* Debug */ = {
			isa = XCBuildConfiguration;
			buildSettings = {
				ALWAYS_SEARCH_USER_PATHS = NO;
				CLANG_ANALYZER_NONNULL = YES;
				CLANG_ANALYZER_NUMBER_OBJECT_CONVERSION = YES_AGGRESSIVE;
				CLANG_CXX_LANGUAGE_STANDARD = "gnu++20";
				CLANG_ENABLE_MODULES = YES;
				CLANG_ENABLE_OBJC_ARC = YES;
				CLANG_ENABLE_OBJC_WEAK = YES;
				CLANG_WARN_BLOCK_CAPTURE_AUTORELEASING = YES;
				CLANG_WARN_BOOL_CONVERSION = YES;
				CLANG_WARN_COMMA = YES;
				CLANG_WARN_CONSTANT_CONVERSION = YES;
				CLANG_WARN_DEPRECATED_OBJC_IMPLEMENTATIONS = YES;
				CLANG_WARN_DIRECT_OBJC_ISA_USAGE = YES_ERROR;
				CLANG_WARN_DOCUMENTATION_COMMENTS = YES;
				CLANG_WARN_EMPTY_BODY = YES;
				CLANG_WARN_ENUM_CONVERSION = YES;
				CLANG_WARN_INFINITE_RECURSION = YES;
				CLANG_WARN_INT_CONVERSION = YES;
				CLANG_WARN_NON_LITERAL_NULL_CONVERSION = YES;
				CLANG_WARN_OBJC_IMPLICIT_RETAIN_SELF = YES;
				CLANG_WARN_OBJC_LITERAL_CONVERSION = YES;
				CLANG_WARN_OBJC_ROOT_CLASS = YES_ERROR;
				CLANG_WARN_QUOTED_INCLUDE_IN_FRAMEWORK_HEADER = YES;
				CLANG_WARN_RANGE_LOOP_ANALYSIS = YES;
				CLANG_WARN_STRICT_PROTOTYPES = YES;
				CLANG_WARN_SUSPICIOUS_MOVE = YES;
				CLANG_WARN_UNGUARDED_AVAILABILITY = YES_AGGRESSIVE;
				CLANG_WARN_UNREACHABLE_CODE = YES;
				CLANG_WARN__DUPLICATE_METHOD_MATCH = YES;
				COPY_PHASE_STRIP = NO;
				DEBUG_INFORMATION_FORMAT = dwarf;
				ENABLE_STRICT_OBJC_MSGSEND = YES;
				ENABLE_TESTABILITY = YES;
				GCC_C_LANGUAGE_STANDARD = gnu11;
				GCC_DYNAMIC_NO_PIC = NO;
				GCC_NO_COMMON_BLOCKS = YES;
				GCC_OPTIMIZATION_LEVEL = 0;
				GCC_PREPROCESSOR_DEFINITIONS = (
					"DEBUG=1",
					"$(inherited)",
				);
				GCC_WARN_64_TO_32_BIT_CONVERSION = YES;
				GCC_WARN_ABOUT_RETURN_TYPE = YES_ERROR;
				GCC_WARN_UNDECLARED_SELECTOR = YES;
				GCC_WARN_UNINITIALIZED_AUTOS = YES_AGGRESSIVE;
				GCC_WARN_UNUSED_FUNCTION = YES;
				GCC_WARN_UNUSED_VARIABLE = YES;
				IPHONEOS_DEPLOYMENT_TARGET = 16.1;
				MTL_ENABLE_DEBUG_INFO = INCLUDE_SOURCE;
				MTL_FAST_MATH = YES;
				ONLY_ACTIVE_ARCH = YES;
				SDKROOT = iphoneos;
				SWIFT_ACTIVE_COMPILATION_CONDITIONS = DEBUG;
				SWIFT_OPTIMIZATION_LEVEL = "-Onone";
			};
			name = Debug;
		};
		C315F7D5292BDB4D00BB0558 /* Release */ = {
			isa = XCBuildConfiguration;
			buildSettings = {
				ALWAYS_SEARCH_USER_PATHS = NO;
				CLANG_ANALYZER_NONNULL = YES;
				CLANG_ANALYZER_NUMBER_OBJECT_CONVERSION = YES_AGGRESSIVE;
				CLANG_CXX_LANGUAGE_STANDARD = "gnu++20";
				CLANG_ENABLE_MODULES = YES;
				CLANG_ENABLE_OBJC_ARC = YES;
				CLANG_ENABLE_OBJC_WEAK = YES;
				CLANG_WARN_BLOCK_CAPTURE_AUTORELEASING = YES;
				CLANG_WARN_BOOL_CONVERSION = YES;
				CLANG_WARN_COMMA = YES;
				CLANG_WARN_CONSTANT_CONVERSION = YES;
				CLANG_WARN_DEPRECATED_OBJC_IMPLEMENTATIONS = YES;
				CLANG_WARN_DIRECT_OBJC_ISA_USAGE = YES_ERROR;
				CLANG_WARN_DOCUMENTATION_COMMENTS = YES;
				CLANG_WARN_EMPTY_BODY = YES;
				CLANG_WARN_ENUM_CONVERSION = YES;
				CLANG_WARN_INFINITE_RECURSION = YES;
				CLANG_WARN_INT_CONVERSION = YES;
				CLANG_WARN_NON_LITERAL_NULL_CONVERSION = YES;
				CLANG_WARN_OBJC_IMPLICIT_RETAIN_SELF = YES;
				CLANG_WARN_OBJC_LITERAL_CONVERSION = YES;
				CLANG_WARN_OBJC_ROOT_CLASS = YES_ERROR;
				CLANG_WARN_QUOTED_INCLUDE_IN_FRAMEWORK_HEADER = YES;
				CLANG_WARN_RANGE_LOOP_ANALYSIS = YES;
				CLANG_WARN_STRICT_PROTOTYPES = YES;
				CLANG_WARN_SUSPICIOUS_MOVE = YES;
				CLANG_WARN_UNGUARDED_AVAILABILITY = YES_AGGRESSIVE;
				CLANG_WARN_UNREACHABLE_CODE = YES;
				CLANG_WARN__DUPLICATE_METHOD_MATCH = YES;
				COPY_PHASE_STRIP = NO;
				DEBUG_INFORMATION_FORMAT = "dwarf-with-dsym";
				ENABLE_NS_ASSERTIONS = NO;
				ENABLE_STRICT_OBJC_MSGSEND = YES;
				GCC_C_LANGUAGE_STANDARD = gnu11;
				GCC_NO_COMMON_BLOCKS = YES;
				GCC_WARN_64_TO_32_BIT_CONVERSION = YES;
				GCC_WARN_ABOUT_RETURN_TYPE = YES_ERROR;
				GCC_WARN_UNDECLARED_SELECTOR = YES;
				GCC_WARN_UNINITIALIZED_AUTOS = YES_AGGRESSIVE;
				GCC_WARN_UNUSED_FUNCTION = YES;
				GCC_WARN_UNUSED_VARIABLE = YES;
				IPHONEOS_DEPLOYMENT_TARGET = 16.1;
				MTL_ENABLE_DEBUG_INFO = NO;
				MTL_FAST_MATH = YES;
				SDKROOT = iphoneos;
				SWIFT_COMPILATION_MODE = wholemodule;
				SWIFT_OPTIMIZATION_LEVEL = "-O";
				VALIDATE_PRODUCT = YES;
			};
			name = Release;
		};
		C315F7D7292BDB4D00BB0558 /* Debug */ = {
			isa = XCBuildConfiguration;
			buildSettings = {
				ASSETCATALOG_COMPILER_APPICON_NAME = AppIcon;
				ASSETCATALOG_COMPILER_GLOBAL_ACCENT_COLOR_NAME = AccentColor;
				CODE_SIGN_STYLE = Automatic;
				CURRENT_PROJECT_VERSION = 1;
				DEVELOPMENT_TEAM = DP7QQJ422M;
				GENERATE_INFOPLIST_FILE = YES;
				INFOPLIST_FILE = CryptoCo/Info.plist;
				INFOPLIST_KEY_UIApplicationSupportsIndirectInputEvents = YES;
				INFOPLIST_KEY_UILaunchStoryboardName = LaunchScreen;
				INFOPLIST_KEY_UIMainStoryboardFile = Main;
				INFOPLIST_KEY_UISupportedInterfaceOrientations_iPad = "UIInterfaceOrientationPortrait UIInterfaceOrientationPortraitUpsideDown UIInterfaceOrientationLandscapeLeft UIInterfaceOrientationLandscapeRight";
				INFOPLIST_KEY_UISupportedInterfaceOrientations_iPhone = "UIInterfaceOrientationPortrait UIInterfaceOrientationLandscapeLeft UIInterfaceOrientationLandscapeRight";
				LD_RUNPATH_SEARCH_PATHS = (
					"$(inherited)",
					"@executable_path/Frameworks",
				);
				MARKETING_VERSION = 1.0;
				PRODUCT_BUNDLE_IDENTIFIER = com.alihankuzucuk.CryptoCo;
				PRODUCT_NAME = "$(TARGET_NAME)";
				SWIFT_EMIT_LOC_STRINGS = YES;
				SWIFT_VERSION = 5.0;
				TARGETED_DEVICE_FAMILY = "1,2";
			};
			name = Debug;
		};
		C315F7D8292BDB4D00BB0558 /* Release */ = {
			isa = XCBuildConfiguration;
			buildSettings = {
				ASSETCATALOG_COMPILER_APPICON_NAME = AppIcon;
				ASSETCATALOG_COMPILER_GLOBAL_ACCENT_COLOR_NAME = AccentColor;
				CODE_SIGN_STYLE = Automatic;
				CURRENT_PROJECT_VERSION = 1;
				DEVELOPMENT_TEAM = DP7QQJ422M;
				GENERATE_INFOPLIST_FILE = YES;
				INFOPLIST_FILE = CryptoCo/Info.plist;
				INFOPLIST_KEY_UIApplicationSupportsIndirectInputEvents = YES;
				INFOPLIST_KEY_UILaunchStoryboardName = LaunchScreen;
				INFOPLIST_KEY_UIMainStoryboardFile = Main;
				INFOPLIST_KEY_UISupportedInterfaceOrientations_iPad = "UIInterfaceOrientationPortrait UIInterfaceOrientationPortraitUpsideDown UIInterfaceOrientationLandscapeLeft UIInterfaceOrientationLandscapeRight";
				INFOPLIST_KEY_UISupportedInterfaceOrientations_iPhone = "UIInterfaceOrientationPortrait UIInterfaceOrientationLandscapeLeft UIInterfaceOrientationLandscapeRight";
				LD_RUNPATH_SEARCH_PATHS = (
					"$(inherited)",
					"@executable_path/Frameworks",
				);
				MARKETING_VERSION = 1.0;
				PRODUCT_BUNDLE_IDENTIFIER = com.alihankuzucuk.CryptoCo;
				PRODUCT_NAME = "$(TARGET_NAME)";
				SWIFT_EMIT_LOC_STRINGS = YES;
				SWIFT_VERSION = 5.0;
				TARGETED_DEVICE_FAMILY = "1,2";
			};
			name = Release;
		};
/* End XCBuildConfiguration section */

/* Begin XCConfigurationList section */
		C315F7BD292BDB4C00BB0558 /* Build configuration list for PBXProject "CryptoCo" */ = {
			isa = XCConfigurationList;
			buildConfigurations = (
				C315F7D4292BDB4D00BB0558 /* Debug */,
				C315F7D5292BDB4D00BB0558 /* Release */,
			);
			defaultConfigurationIsVisible = 0;
			defaultConfigurationName = Release;
		};
		C315F7D6292BDB4D00BB0558 /* Build configuration list for PBXNativeTarget "CryptoCo" */ = {
			isa = XCConfigurationList;
			buildConfigurations = (
				C315F7D7292BDB4D00BB0558 /* Debug */,
				C315F7D8292BDB4D00BB0558 /* Release */,
			);
			defaultConfigurationIsVisible = 0;
			defaultConfigurationName = Release;
		};
/* End XCConfigurationList section */

/* Begin XCRemoteSwiftPackageReference section */
		C315F7F2292BEE8E00BB0558 /* XCRemoteSwiftPackageReference "MaterialActivityIndicator" */ = {
			isa = XCRemoteSwiftPackageReference;
			repositoryURL = "https://github.com/nspavlo/MaterialActivityIndicator";
			requirement = {
				kind = upToNextMajorVersion;
				minimumVersion = 0.0.7;
			};
		};
/* End XCRemoteSwiftPackageReference section */

/* Begin XCSwiftPackageProductDependency section */
		C315F7F3292BEE8E00BB0558 /* MaterialActivityIndicator */ = {
			isa = XCSwiftPackageProductDependency;
			package = C315F7F2292BEE8E00BB0558 /* XCRemoteSwiftPackageReference "MaterialActivityIndicator" */;
			productName = MaterialActivityIndicator;
		};
/* End XCSwiftPackageProductDependency section */
	};
	rootObject = C315F7BA292BDB4C00BB0558 /* Project object */;
}
