// !$*UTF8*$!
{
	archiveVersion = 1;
	classes = {
	};
	objectVersion = 56;
	objects = {

/* Begin PBXBuildFile section */
		49D9601B31C6FADB2056FEBE /* Pods_MovieMVVMArch_MovieMVVMArchUITests.framework in Frameworks */ = {isa = PBXBuildFile; fileRef = E4DE28BA49184CC2FB77E69D /* Pods_MovieMVVMArch_MovieMVVMArchUITests.framework */; };
		B4F8C905F76818E5E0505D93 /* Pods_MovieMVVMArchTests.framework in Frameworks */ = {isa = PBXBuildFile; fileRef = 6AE0EE5ECF8B9CFE48F5F3BF /* Pods_MovieMVVMArchTests.framework */; };
		B8B94E05DB4BF8C53BF2FB70 /* Pods_MovieMVVMArch.framework in Frameworks */ = {isa = PBXBuildFile; fileRef = 0EFD3CF0F17E4CB67E479CD6 /* Pods_MovieMVVMArch.framework */; };
		C3B0F43D293F2A3E00C2B06C /* AppDelegate.swift in Sources */ = {isa = PBXBuildFile; fileRef = C3B0F43C293F2A3E00C2B06C /* AppDelegate.swift */; };
		C3B0F43F293F2A3E00C2B06C /* SceneDelegate.swift in Sources */ = {isa = PBXBuildFile; fileRef = C3B0F43E293F2A3E00C2B06C /* SceneDelegate.swift */; };
		C3B0F441293F2A3E00C2B06C /* MovieListViewController.swift in Sources */ = {isa = PBXBuildFile; fileRef = C3B0F440293F2A3E00C2B06C /* MovieListViewController.swift */; };
		C3B0F444293F2A3E00C2B06C /* Main.storyboard in Resources */ = {isa = PBXBuildFile; fileRef = C3B0F442293F2A3E00C2B06C /* Main.storyboard */; };
		C3B0F446293F2A3F00C2B06C /* Assets.xcassets in Resources */ = {isa = PBXBuildFile; fileRef = C3B0F445293F2A3F00C2B06C /* Assets.xcassets */; };
		C3B0F449293F2A3F00C2B06C /* LaunchScreen.storyboard in Resources */ = {isa = PBXBuildFile; fileRef = C3B0F447293F2A3F00C2B06C /* LaunchScreen.storyboard */; };
		C3B0F454293F2A3F00C2B06C /* MovieMVVMArchTests.swift in Sources */ = {isa = PBXBuildFile; fileRef = C3B0F453293F2A3F00C2B06C /* MovieMVVMArchTests.swift */; };
		C3B0F45E293F2A3F00C2B06C /* MovieMVVMArchUITests.swift in Sources */ = {isa = PBXBuildFile; fileRef = C3B0F45D293F2A3F00C2B06C /* MovieMVVMArchUITests.swift */; };
		C3B0F460293F2A3F00C2B06C /* MovieMVVMArchUITestsLaunchTests.swift in Sources */ = {isa = PBXBuildFile; fileRef = C3B0F45F293F2A3F00C2B06C /* MovieMVVMArchUITestsLaunchTests.swift */; };
		C3B0F475293F2E5100C2B06C /* MovieTableViewCell.swift in Sources */ = {isa = PBXBuildFile; fileRef = C3B0F474293F2E5100C2B06C /* MovieTableViewCell.swift */; };
		C3B0F477293F2EF500C2B06C /* MovieModel.swift in Sources */ = {isa = PBXBuildFile; fileRef = C3B0F476293F2EF500C2B06C /* MovieModel.swift */; };
		C3B0F479293F2F7000C2B06C /* GetPopularMoviesResponseModel.swift in Sources */ = {isa = PBXBuildFile; fileRef = C3B0F478293F2F7000C2B06C /* GetPopularMoviesResponseModel.swift */; };
		C3B0F47B293F2FE000C2B06C /* MovieListViewModel.swift in Sources */ = {isa = PBXBuildFile; fileRef = C3B0F47A293F2FE000C2B06C /* MovieListViewModel.swift */; };
		C3B0F47D293F31B300C2B06C /* Constants.swift in Sources */ = {isa = PBXBuildFile; fileRef = C3B0F47C293F31B300C2B06C /* Constants.swift */; };
		C3B0F47F293F328500C2B06C /* MovieDBClient.swift in Sources */ = {isa = PBXBuildFile; fileRef = C3B0F47E293F328500C2B06C /* MovieDBClient.swift */; };
		C3B0F485293F45BE00C2B06C /* MovieDetailModel.swift in Sources */ = {isa = PBXBuildFile; fileRef = C3B0F484293F45BE00C2B06C /* MovieDetailModel.swift */; };
		C3B0F487293F47B000C2B06C /* MovieDetailViewController.swift in Sources */ = {isa = PBXBuildFile; fileRef = C3B0F486293F47B000C2B06C /* MovieDetailViewController.swift */; };
		C3B0F489293F48A400C2B06C /* MovieDetailViewModel.swift in Sources */ = {isa = PBXBuildFile; fileRef = C3B0F488293F48A400C2B06C /* MovieDetailViewModel.swift */; };
/* End PBXBuildFile section */

/* Begin PBXContainerItemProxy section */
		C3B0F450293F2A3F00C2B06C /* PBXContainerItemProxy */ = {
			isa = PBXContainerItemProxy;
			containerPortal = C3B0F431293F2A3E00C2B06C /* Project object */;
			proxyType = 1;
			remoteGlobalIDString = C3B0F438293F2A3E00C2B06C;
			remoteInfo = MovieMVVMArch;
		};
		C3B0F45A293F2A3F00C2B06C /* PBXContainerItemProxy */ = {
			isa = PBXContainerItemProxy;
			containerPortal = C3B0F431293F2A3E00C2B06C /* Project object */;
			proxyType = 1;
			remoteGlobalIDString = C3B0F438293F2A3E00C2B06C;
			remoteInfo = MovieMVVMArch;
		};
/* End PBXContainerItemProxy section */

/* Begin PBXFileReference section */
		0EFD3CF0F17E4CB67E479CD6 /* Pods_MovieMVVMArch.framework */ = {isa = PBXFileReference; explicitFileType = wrapper.framework; includeInIndex = 0; path = Pods_MovieMVVMArch.framework; sourceTree = BUILT_PRODUCTS_DIR; };
		120EFF63E1D4FBE26CCD6879 /* Pods-MovieMVVMArch-MovieMVVMArchUITests.debug.xcconfig */ = {isa = PBXFileReference; includeInIndex = 1; lastKnownFileType = text.xcconfig; name = "Pods-MovieMVVMArch-MovieMVVMArchUITests.debug.xcconfig"; path = "Target Support Files/Pods-MovieMVVMArch-MovieMVVMArchUITests/Pods-MovieMVVMArch-MovieMVVMArchUITests.debug.xcconfig"; sourceTree = "<group>"; };
		666A60E8AB773391F4D16B8E /* Pods-MovieMVVMArch.debug.xcconfig */ = {isa = PBXFileReference; includeInIndex = 1; lastKnownFileType = text.xcconfig; name = "Pods-MovieMVVMArch.debug.xcconfig"; path = "Target Support Files/Pods-MovieMVVMArch/Pods-MovieMVVMArch.debug.xcconfig"; sourceTree = "<group>"; };
		6AE0EE5ECF8B9CFE48F5F3BF /* Pods_MovieMVVMArchTests.framework */ = {isa = PBXFileReference; explicitFileType = wrapper.framework; includeInIndex = 0; path = Pods_MovieMVVMArchTests.framework; sourceTree = BUILT_PRODUCTS_DIR; };
		7803203F525A7A68C18124AF /* Pods-MovieMVVMArch-MovieMVVMArchUITests.release.xcconfig */ = {isa = PBXFileReference; includeInIndex = 1; lastKnownFileType = text.xcconfig; name = "Pods-MovieMVVMArch-MovieMVVMArchUITests.release.xcconfig"; path = "Target Support Files/Pods-MovieMVVMArch-MovieMVVMArchUITests/Pods-MovieMVVMArch-MovieMVVMArchUITests.release.xcconfig"; sourceTree = "<group>"; };
		79355AB4B35A5532496A8599 /* Pods-MovieMVVMArchTests.release.xcconfig */ = {isa = PBXFileReference; includeInIndex = 1; lastKnownFileType = text.xcconfig; name = "Pods-MovieMVVMArchTests.release.xcconfig"; path = "Target Support Files/Pods-MovieMVVMArchTests/Pods-MovieMVVMArchTests.release.xcconfig"; sourceTree = "<group>"; };
		891BA71AA5C81E45935CF99F /* Pods-MovieMVVMArchTests.debug.xcconfig */ = {isa = PBXFileReference; includeInIndex = 1; lastKnownFileType = text.xcconfig; name = "Pods-MovieMVVMArchTests.debug.xcconfig"; path = "Target Support Files/Pods-MovieMVVMArchTests/Pods-MovieMVVMArchTests.debug.xcconfig"; sourceTree = "<group>"; };
		98DE79254B89D984E5001FBE /* Pods-MovieMVVMArch.release.xcconfig */ = {isa = PBXFileReference; includeInIndex = 1; lastKnownFileType = text.xcconfig; name = "Pods-MovieMVVMArch.release.xcconfig"; path = "Target Support Files/Pods-MovieMVVMArch/Pods-MovieMVVMArch.release.xcconfig"; sourceTree = "<group>"; };
		C3B0F439293F2A3E00C2B06C /* MovieMVVMArch.app */ = {isa = PBXFileReference; explicitFileType = wrapper.application; includeInIndex = 0; path = MovieMVVMArch.app; sourceTree = BUILT_PRODUCTS_DIR; };
		C3B0F43C293F2A3E00C2B06C /* AppDelegate.swift */ = {isa = PBXFileReference; lastKnownFileType = sourcecode.swift; path = AppDelegate.swift; sourceTree = "<group>"; };
		C3B0F43E293F2A3E00C2B06C /* SceneDelegate.swift */ = {isa = PBXFileReference; lastKnownFileType = sourcecode.swift; path = SceneDelegate.swift; sourceTree = "<group>"; };
		C3B0F440293F2A3E00C2B06C /* MovieListViewController.swift */ = {isa = PBXFileReference; lastKnownFileType = sourcecode.swift; path = MovieListViewController.swift; sourceTree = "<group>"; };
		C3B0F443293F2A3E00C2B06C /* Base */ = {isa = PBXFileReference; lastKnownFileType = file.storyboard; name = Base; path = Base.lproj/Main.storyboard; sourceTree = "<group>"; };
		C3B0F445293F2A3F00C2B06C /* Assets.xcassets */ = {isa = PBXFileReference; lastKnownFileType = folder.assetcatalog; path = Assets.xcassets; sourceTree = "<group>"; };
		C3B0F448293F2A3F00C2B06C /* Base */ = {isa = PBXFileReference; lastKnownFileType = file.storyboard; name = Base; path = Base.lproj/LaunchScreen.storyboard; sourceTree = "<group>"; };
		C3B0F44A293F2A3F00C2B06C /* Info.plist */ = {isa = PBXFileReference; lastKnownFileType = text.plist.xml; path = Info.plist; sourceTree = "<group>"; };
		C3B0F44F293F2A3F00C2B06C /* MovieMVVMArchTests.xctest */ = {isa = PBXFileReference; explicitFileType = wrapper.cfbundle; includeInIndex = 0; path = MovieMVVMArchTests.xctest; sourceTree = BUILT_PRODUCTS_DIR; };
		C3B0F453293F2A3F00C2B06C /* MovieMVVMArchTests.swift */ = {isa = PBXFileReference; lastKnownFileType = sourcecode.swift; path = MovieMVVMArchTests.swift; sourceTree = "<group>"; };
		C3B0F459293F2A3F00C2B06C /* MovieMVVMArchUITests.xctest */ = {isa = PBXFileReference; explicitFileType = wrapper.cfbundle; includeInIndex = 0; path = MovieMVVMArchUITests.xctest; sourceTree = BUILT_PRODUCTS_DIR; };
		C3B0F45D293F2A3F00C2B06C /* MovieMVVMArchUITests.swift */ = {isa = PBXFileReference; lastKnownFileType = sourcecode.swift; path = MovieMVVMArchUITests.swift; sourceTree = "<group>"; };
		C3B0F45F293F2A3F00C2B06C /* MovieMVVMArchUITestsLaunchTests.swift */ = {isa = PBXFileReference; lastKnownFileType = sourcecode.swift; path = MovieMVVMArchUITestsLaunchTests.swift; sourceTree = "<group>"; };
		C3B0F474293F2E5100C2B06C /* MovieTableViewCell.swift */ = {isa = PBXFileReference; lastKnownFileType = sourcecode.swift; path = MovieTableViewCell.swift; sourceTree = "<group>"; };
		C3B0F476293F2EF500C2B06C /* MovieModel.swift */ = {isa = PBXFileReference; lastKnownFileType = sourcecode.swift; path = MovieModel.swift; sourceTree = "<group>"; };
		C3B0F478293F2F7000C2B06C /* GetPopularMoviesResponseModel.swift */ = {isa = PBXFileReference; lastKnownFileType = sourcecode.swift; path = GetPopularMoviesResponseModel.swift; sourceTree = "<group>"; };
		C3B0F47A293F2FE000C2B06C /* MovieListViewModel.swift */ = {isa = PBXFileReference; lastKnownFileType = sourcecode.swift; path = MovieListViewModel.swift; sourceTree = "<group>"; };
		C3B0F47C293F31B300C2B06C /* Constants.swift */ = {isa = PBXFileReference; lastKnownFileType = sourcecode.swift; path = Constants.swift; sourceTree = "<group>"; };
		C3B0F47E293F328500C2B06C /* MovieDBClient.swift */ = {isa = PBXFileReference; lastKnownFileType = sourcecode.swift; path = MovieDBClient.swift; sourceTree = "<group>"; };
		C3B0F484293F45BE00C2B06C /* MovieDetailModel.swift */ = {isa = PBXFileReference; lastKnownFileType = sourcecode.swift; path = MovieDetailModel.swift; sourceTree = "<group>"; };
		C3B0F486293F47B000C2B06C /* MovieDetailViewController.swift */ = {isa = PBXFileReference; lastKnownFileType = sourcecode.swift; path = MovieDetailViewController.swift; sourceTree = "<group>"; };
		C3B0F488293F48A400C2B06C /* MovieDetailViewModel.swift */ = {isa = PBXFileReference; lastKnownFileType = sourcecode.swift; path = MovieDetailViewModel.swift; sourceTree = "<group>"; };
		E4DE28BA49184CC2FB77E69D /* Pods_MovieMVVMArch_MovieMVVMArchUITests.framework */ = {isa = PBXFileReference; explicitFileType = wrapper.framework; includeInIndex = 0; path = Pods_MovieMVVMArch_MovieMVVMArchUITests.framework; sourceTree = BUILT_PRODUCTS_DIR; };
/* End PBXFileReference section */

/* Begin PBXFrameworksBuildPhase section */
		C3B0F436293F2A3E00C2B06C /* Frameworks */ = {
			isa = PBXFrameworksBuildPhase;
			buildActionMask = 2147483647;
			files = (
				B8B94E05DB4BF8C53BF2FB70 /* Pods_MovieMVVMArch.framework in Frameworks */,
			);
			runOnlyForDeploymentPostprocessing = 0;
		};
		C3B0F44C293F2A3F00C2B06C /* Frameworks */ = {
			isa = PBXFrameworksBuildPhase;
			buildActionMask = 2147483647;
			files = (
				B4F8C905F76818E5E0505D93 /* Pods_MovieMVVMArchTests.framework in Frameworks */,
			);
			runOnlyForDeploymentPostprocessing = 0;
		};
		C3B0F456293F2A3F00C2B06C /* Frameworks */ = {
			isa = PBXFrameworksBuildPhase;
			buildActionMask = 2147483647;
			files = (
				49D9601B31C6FADB2056FEBE /* Pods_MovieMVVMArch_MovieMVVMArchUITests.framework in Frameworks */,
			);
			runOnlyForDeploymentPostprocessing = 0;
		};
/* End PBXFrameworksBuildPhase section */

/* Begin PBXGroup section */
		C3B0F430293F2A3E00C2B06C = {
			isa = PBXGroup;
			children = (
				C3B0F43B293F2A3E00C2B06C /* MovieMVVMArch */,
				C3B0F452293F2A3F00C2B06C /* MovieMVVMArchTests */,
				C3B0F45C293F2A3F00C2B06C /* MovieMVVMArchUITests */,
				C3B0F43A293F2A3E00C2B06C /* Products */,
				CC929100F9FA1019DC545A61 /* Pods */,
				F123F67E024FA4CC05AC9707 /* Frameworks */,
			);
			sourceTree = "<group>";
		};
		C3B0F43A293F2A3E00C2B06C /* Products */ = {
			isa = PBXGroup;
			children = (
				C3B0F439293F2A3E00C2B06C /* MovieMVVMArch.app */,
				C3B0F44F293F2A3F00C2B06C /* MovieMVVMArchTests.xctest */,
				C3B0F459293F2A3F00C2B06C /* MovieMVVMArchUITests.xctest */,
			);
			name = Products;
			sourceTree = "<group>";
		};
		C3B0F43B293F2A3E00C2B06C /* MovieMVVMArch */ = {
			isa = PBXGroup;
			children = (
				C3B0F46C293F2A5700C2B06C /* App */,
				C3B0F46D293F2AF000C2B06C /* Core */,
				C3B0F46E293F2AF500C2B06C /* Scenes */,
				C3B0F44A293F2A3F00C2B06C /* Info.plist */,
			);
			path = MovieMVVMArch;
			sourceTree = "<group>";
		};
		C3B0F452293F2A3F00C2B06C /* MovieMVVMArchTests */ = {
			isa = PBXGroup;
			children = (
				C3B0F453293F2A3F00C2B06C /* MovieMVVMArchTests.swift */,
			);
			path = MovieMVVMArchTests;
			sourceTree = "<group>";
		};
		C3B0F45C293F2A3F00C2B06C /* MovieMVVMArchUITests */ = {
			isa = PBXGroup;
			children = (
				C3B0F45D293F2A3F00C2B06C /* MovieMVVMArchUITests.swift */,
				C3B0F45F293F2A3F00C2B06C /* MovieMVVMArchUITestsLaunchTests.swift */,
			);
			path = MovieMVVMArchUITests;
			sourceTree = "<group>";
		};
		C3B0F46C293F2A5700C2B06C /* App */ = {
			isa = PBXGroup;
			children = (
				C3B0F43C293F2A3E00C2B06C /* AppDelegate.swift */,
				C3B0F43E293F2A3E00C2B06C /* SceneDelegate.swift */,
				C3B0F442293F2A3E00C2B06C /* Main.storyboard */,
				C3B0F445293F2A3F00C2B06C /* Assets.xcassets */,
				C3B0F447293F2A3F00C2B06C /* LaunchScreen.storyboard */,
				C3B0F47C293F31B300C2B06C /* Constants.swift */,
			);
			path = App;
			sourceTree = "<group>";
		};
		C3B0F46D293F2AF000C2B06C /* Core */ = {
			isa = PBXGroup;
			children = (
				C3B0F47E293F328500C2B06C /* MovieDBClient.swift */,
			);
			path = Core;
			sourceTree = "<group>";
		};
		C3B0F46E293F2AF500C2B06C /* Scenes */ = {
			isa = PBXGroup;
			children = (
				C3B0F480293F43F200C2B06C /* MovieDetail */,
				C3B0F46F293F2B0300C2B06C /* MovieList */,
			);
			path = Scenes;
			sourceTree = "<group>";
		};
		C3B0F46F293F2B0300C2B06C /* MovieList */ = {
			isa = PBXGroup;
			children = (
				C3B0F473293F2B3900C2B06C /* Controller */,
				C3B0F472293F2B2900C2B06C /* ViewModel */,
				C3B0F471293F2B1900C2B06C /* View */,
				C3B0F470293F2B0F00C2B06C /* Model */,
			);
			path = MovieList;
			sourceTree = "<group>";
		};
		C3B0F470293F2B0F00C2B06C /* Model */ = {
			isa = PBXGroup;
			children = (
				C3B0F476293F2EF500C2B06C /* MovieModel.swift */,
				C3B0F478293F2F7000C2B06C /* GetPopularMoviesResponseModel.swift */,
			);
			path = Model;
			sourceTree = "<group>";
		};
		C3B0F471293F2B1900C2B06C /* View */ = {
			isa = PBXGroup;
			children = (
				C3B0F474293F2E5100C2B06C /* MovieTableViewCell.swift */,
			);
			path = View;
			sourceTree = "<group>";
		};
		C3B0F472293F2B2900C2B06C /* ViewModel */ = {
			isa = PBXGroup;
			children = (
				C3B0F47A293F2FE000C2B06C /* MovieListViewModel.swift */,
			);
			path = ViewModel;
			sourceTree = "<group>";
		};
		C3B0F473293F2B3900C2B06C /* Controller */ = {
			isa = PBXGroup;
			children = (
				C3B0F440293F2A3E00C2B06C /* MovieListViewController.swift */,
			);
			path = Controller;
			sourceTree = "<group>";
		};
		C3B0F480293F43F200C2B06C /* MovieDetail */ = {
			isa = PBXGroup;
			children = (
				C3B0F481293F459300C2B06C /* Controller */,
				C3B0F482293F459900C2B06C /* ViewModel */,
				C3B0F483293F45A300C2B06C /* Model */,
			);
			path = MovieDetail;
			sourceTree = "<group>";
		};
		C3B0F481293F459300C2B06C /* Controller */ = {
			isa = PBXGroup;
			children = (
				C3B0F486293F47B000C2B06C /* MovieDetailViewController.swift */,
			);
			path = Controller;
			sourceTree = "<group>";
		};
		C3B0F482293F459900C2B06C /* ViewModel */ = {
			isa = PBXGroup;
			children = (
				C3B0F488293F48A400C2B06C /* MovieDetailViewModel.swift */,
			);
			path = ViewModel;
			sourceTree = "<group>";
		};
		C3B0F483293F45A300C2B06C /* Model */ = {
			isa = PBXGroup;
			children = (
				C3B0F484293F45BE00C2B06C /* MovieDetailModel.swift */,
			);
			path = Model;
			sourceTree = "<group>";
		};
		CC929100F9FA1019DC545A61 /* Pods */ = {
			isa = PBXGroup;
			children = (
				666A60E8AB773391F4D16B8E /* Pods-MovieMVVMArch.debug.xcconfig */,
				98DE79254B89D984E5001FBE /* Pods-MovieMVVMArch.release.xcconfig */,
				120EFF63E1D4FBE26CCD6879 /* Pods-MovieMVVMArch-MovieMVVMArchUITests.debug.xcconfig */,
				7803203F525A7A68C18124AF /* Pods-MovieMVVMArch-MovieMVVMArchUITests.release.xcconfig */,
				891BA71AA5C81E45935CF99F /* Pods-MovieMVVMArchTests.debug.xcconfig */,
				79355AB4B35A5532496A8599 /* Pods-MovieMVVMArchTests.release.xcconfig */,
			);
			path = Pods;
			sourceTree = "<group>";
		};
		F123F67E024FA4CC05AC9707 /* Frameworks */ = {
			isa = PBXGroup;
			children = (
				0EFD3CF0F17E4CB67E479CD6 /* Pods_MovieMVVMArch.framework */,
				E4DE28BA49184CC2FB77E69D /* Pods_MovieMVVMArch_MovieMVVMArchUITests.framework */,
				6AE0EE5ECF8B9CFE48F5F3BF /* Pods_MovieMVVMArchTests.framework */,
			);
			name = Frameworks;
			sourceTree = "<group>";
		};
/* End PBXGroup section */

/* Begin PBXNativeTarget section */
		C3B0F438293F2A3E00C2B06C /* MovieMVVMArch */ = {
			isa = PBXNativeTarget;
			buildConfigurationList = C3B0F463293F2A3F00C2B06C /* Build configuration list for PBXNativeTarget "MovieMVVMArch" */;
			buildPhases = (
				CE9DF350ABF9D39F564F4FD9 /* [CP] Check Pods Manifest.lock */,
				C3B0F435293F2A3E00C2B06C /* Sources */,
				C3B0F436293F2A3E00C2B06C /* Frameworks */,
				C3B0F437293F2A3E00C2B06C /* Resources */,
				539DCE2B48B5FFEE348392BE /* [CP] Embed Pods Frameworks */,
			);
			buildRules = (
			);
			dependencies = (
			);
			name = MovieMVVMArch;
			productName = MovieMVVMArch;
			productReference = C3B0F439293F2A3E00C2B06C /* MovieMVVMArch.app */;
			productType = "com.apple.product-type.application";
		};
		C3B0F44E293F2A3F00C2B06C /* MovieMVVMArchTests */ = {
			isa = PBXNativeTarget;
			buildConfigurationList = C3B0F466293F2A3F00C2B06C /* Build configuration list for PBXNativeTarget "MovieMVVMArchTests" */;
			buildPhases = (
				B19383C861E93CB43B3195A7 /* [CP] Check Pods Manifest.lock */,
				C3B0F44B293F2A3F00C2B06C /* Sources */,
				C3B0F44C293F2A3F00C2B06C /* Frameworks */,
				C3B0F44D293F2A3F00C2B06C /* Resources */,
			);
			buildRules = (
			);
			dependencies = (
				C3B0F451293F2A3F00C2B06C /* PBXTargetDependency */,
			);
			name = MovieMVVMArchTests;
			productName = MovieMVVMArchTests;
			productReference = C3B0F44F293F2A3F00C2B06C /* MovieMVVMArchTests.xctest */;
			productType = "com.apple.product-type.bundle.unit-test";
		};
		C3B0F458293F2A3F00C2B06C /* MovieMVVMArchUITests */ = {
			isa = PBXNativeTarget;
			buildConfigurationList = C3B0F469293F2A3F00C2B06C /* Build configuration list for PBXNativeTarget "MovieMVVMArchUITests" */;
			buildPhases = (
				C45CC7347AE2BD9BA9A49A9B /* [CP] Check Pods Manifest.lock */,
				C3B0F455293F2A3F00C2B06C /* Sources */,
				C3B0F456293F2A3F00C2B06C /* Frameworks */,
				C3B0F457293F2A3F00C2B06C /* Resources */,
				A4DF188B00804A4D8BBB8557 /* [CP] Embed Pods Frameworks */,
			);
			buildRules = (
			);
			dependencies = (
				C3B0F45B293F2A3F00C2B06C /* PBXTargetDependency */,
			);
			name = MovieMVVMArchUITests;
			productName = MovieMVVMArchUITests;
			productReference = C3B0F459293F2A3F00C2B06C /* MovieMVVMArchUITests.xctest */;
			productType = "com.apple.product-type.bundle.ui-testing";
		};
/* End PBXNativeTarget section */

/* Begin PBXProject section */
		C3B0F431293F2A3E00C2B06C /* Project object */ = {
			isa = PBXProject;
			attributes = {
				BuildIndependentTargetsInParallel = 1;
				LastSwiftUpdateCheck = 1410;
				LastUpgradeCheck = 1410;
				TargetAttributes = {
					C3B0F438293F2A3E00C2B06C = {
						CreatedOnToolsVersion = 14.1;
					};
					C3B0F44E293F2A3F00C2B06C = {
						CreatedOnToolsVersion = 14.1;
						TestTargetID = C3B0F438293F2A3E00C2B06C;
					};
					C3B0F458293F2A3F00C2B06C = {
						CreatedOnToolsVersion = 14.1;
						TestTargetID = C3B0F438293F2A3E00C2B06C;
					};
				};
			};
			buildConfigurationList = C3B0F434293F2A3E00C2B06C /* Build configuration list for PBXProject "MovieMVVMArch" */;
			compatibilityVersion = "Xcode 14.0";
			developmentRegion = en;
			hasScannedForEncodings = 0;
			knownRegions = (
				en,
				Base,
			);
			mainGroup = C3B0F430293F2A3E00C2B06C;
			productRefGroup = C3B0F43A293F2A3E00C2B06C /* Products */;
			projectDirPath = "";
			projectRoot = "";
			targets = (
				C3B0F438293F2A3E00C2B06C /* MovieMVVMArch */,
				C3B0F44E293F2A3F00C2B06C /* MovieMVVMArchTests */,
				C3B0F458293F2A3F00C2B06C /* MovieMVVMArchUITests */,
			);
		};
/* End PBXProject section */

/* Begin PBXResourcesBuildPhase section */
		C3B0F437293F2A3E00C2B06C /* Resources */ = {
			isa = PBXResourcesBuildPhase;
			buildActionMask = 2147483647;
			files = (
				C3B0F449293F2A3F00C2B06C /* LaunchScreen.storyboard in Resources */,
				C3B0F446293F2A3F00C2B06C /* Assets.xcassets in Resources */,
				C3B0F444293F2A3E00C2B06C /* Main.storyboard in Resources */,
			);
			runOnlyForDeploymentPostprocessing = 0;
		};
		C3B0F44D293F2A3F00C2B06C /* Resources */ = {
			isa = PBXResourcesBuildPhase;
			buildActionMask = 2147483647;
			files = (
			);
			runOnlyForDeploymentPostprocessing = 0;
		};
		C3B0F457293F2A3F00C2B06C /* Resources */ = {
			isa = PBXResourcesBuildPhase;
			buildActionMask = 2147483647;
			files = (
			);
			runOnlyForDeploymentPostprocessing = 0;
		};
/* End PBXResourcesBuildPhase section */

/* Begin PBXShellScriptBuildPhase section */
		539DCE2B48B5FFEE348392BE /* [CP] Embed Pods Frameworks */ = {
			isa = PBXShellScriptBuildPhase;
			buildActionMask = 2147483647;
			files = (
			);
			inputFileListPaths = (
				"${PODS_ROOT}/Target Support Files/Pods-MovieMVVMArch/Pods-MovieMVVMArch-frameworks-${CONFIGURATION}-input-files.xcfilelist",
			);
			name = "[CP] Embed Pods Frameworks";
			outputFileListPaths = (
				"${PODS_ROOT}/Target Support Files/Pods-MovieMVVMArch/Pods-MovieMVVMArch-frameworks-${CONFIGURATION}-output-files.xcfilelist",
			);
			runOnlyForDeploymentPostprocessing = 0;
			shellPath = /bin/sh;
			shellScript = "\"${PODS_ROOT}/Target Support Files/Pods-MovieMVVMArch/Pods-MovieMVVMArch-frameworks.sh\"\n";
			showEnvVarsInLog = 0;
		};
		A4DF188B00804A4D8BBB8557 /* [CP] Embed Pods Frameworks */ = {
			isa = PBXShellScriptBuildPhase;
			buildActionMask = 2147483647;
			files = (
			);
			inputFileListPaths = (
				"${PODS_ROOT}/Target Support Files/Pods-MovieMVVMArch-MovieMVVMArchUITests/Pods-MovieMVVMArch-MovieMVVMArchUITests-frameworks-${CONFIGURATION}-input-files.xcfilelist",
			);
			name = "[CP] Embed Pods Frameworks";
			outputFileListPaths = (
				"${PODS_ROOT}/Target Support Files/Pods-MovieMVVMArch-MovieMVVMArchUITests/Pods-MovieMVVMArch-MovieMVVMArchUITests-frameworks-${CONFIGURATION}-output-files.xcfilelist",
			);
			runOnlyForDeploymentPostprocessing = 0;
			shellPath = /bin/sh;
			shellScript = "\"${PODS_ROOT}/Target Support Files/Pods-MovieMVVMArch-MovieMVVMArchUITests/Pods-MovieMVVMArch-MovieMVVMArchUITests-frameworks.sh\"\n";
			showEnvVarsInLog = 0;
		};
		B19383C861E93CB43B3195A7 /* [CP] Check Pods Manifest.lock */ = {
			isa = PBXShellScriptBuildPhase;
			buildActionMask = 2147483647;
			files = (
			);
			inputFileListPaths = (
			);
			inputPaths = (
				"${PODS_PODFILE_DIR_PATH}/Podfile.lock",
				"${PODS_ROOT}/Manifest.lock",
			);
			name = "[CP] Check Pods Manifest.lock";
			outputFileListPaths = (
			);
			outputPaths = (
				"$(DERIVED_FILE_DIR)/Pods-MovieMVVMArchTests-checkManifestLockResult.txt",
			);
			runOnlyForDeploymentPostprocessing = 0;
			shellPath = /bin/sh;
			shellScript = "diff \"${PODS_PODFILE_DIR_PATH}/Podfile.lock\" \"${PODS_ROOT}/Manifest.lock\" > /dev/null\nif [ $? != 0 ] ; then\n    # print error to STDERR\n    echo \"error: The sandbox is not in sync with the Podfile.lock. Run 'pod install' or update your CocoaPods installation.\" >&2\n    exit 1\nfi\n# This output is used by Xcode 'outputs' to avoid re-running this script phase.\necho \"SUCCESS\" > \"${SCRIPT_OUTPUT_FILE_0}\"\n";
			showEnvVarsInLog = 0;
		};
		C45CC7347AE2BD9BA9A49A9B /* [CP] Check Pods Manifest.lock */ = {
			isa = PBXShellScriptBuildPhase;
			buildActionMask = 2147483647;
			files = (
			);
			inputFileListPaths = (
			);
			inputPaths = (
				"${PODS_PODFILE_DIR_PATH}/Podfile.lock",
				"${PODS_ROOT}/Manifest.lock",
			);
			name = "[CP] Check Pods Manifest.lock";
			outputFileListPaths = (
			);
			outputPaths = (
				"$(DERIVED_FILE_DIR)/Pods-MovieMVVMArch-MovieMVVMArchUITests-checkManifestLockResult.txt",
			);
			runOnlyForDeploymentPostprocessing = 0;
			shellPath = /bin/sh;
			shellScript = "diff \"${PODS_PODFILE_DIR_PATH}/Podfile.lock\" \"${PODS_ROOT}/Manifest.lock\" > /dev/null\nif [ $? != 0 ] ; then\n    # print error to STDERR\n    echo \"error: The sandbox is not in sync with the Podfile.lock. Run 'pod install' or update your CocoaPods installation.\" >&2\n    exit 1\nfi\n# This output is used by Xcode 'outputs' to avoid re-running this script phase.\necho \"SUCCESS\" > \"${SCRIPT_OUTPUT_FILE_0}\"\n";
			showEnvVarsInLog = 0;
		};
		CE9DF350ABF9D39F564F4FD9 /* [CP] Check Pods Manifest.lock */ = {
			isa = PBXShellScriptBuildPhase;
			buildActionMask = 2147483647;
			files = (
			);
			inputFileListPaths = (
			);
			inputPaths = (
				"${PODS_PODFILE_DIR_PATH}/Podfile.lock",
				"${PODS_ROOT}/Manifest.lock",
			);
			name = "[CP] Check Pods Manifest.lock";
			outputFileListPaths = (
			);
			outputPaths = (
				"$(DERIVED_FILE_DIR)/Pods-MovieMVVMArch-checkManifestLockResult.txt",
			);
			runOnlyForDeploymentPostprocessing = 0;
			shellPath = /bin/sh;
			shellScript = "diff \"${PODS_PODFILE_DIR_PATH}/Podfile.lock\" \"${PODS_ROOT}/Manifest.lock\" > /dev/null\nif [ $? != 0 ] ; then\n    # print error to STDERR\n    echo \"error: The sandbox is not in sync with the Podfile.lock. Run 'pod install' or update your CocoaPods installation.\" >&2\n    exit 1\nfi\n# This output is used by Xcode 'outputs' to avoid re-running this script phase.\necho \"SUCCESS\" > \"${SCRIPT_OUTPUT_FILE_0}\"\n";
			showEnvVarsInLog = 0;
		};
/* End PBXShellScriptBuildPhase section */

/* Begin PBXSourcesBuildPhase section */
		C3B0F435293F2A3E00C2B06C /* Sources */ = {
			isa = PBXSourcesBuildPhase;
			buildActionMask = 2147483647;
			files = (
				C3B0F441293F2A3E00C2B06C /* MovieListViewController.swift in Sources */,
				C3B0F43D293F2A3E00C2B06C /* AppDelegate.swift in Sources */,
				C3B0F477293F2EF500C2B06C /* MovieModel.swift in Sources */,
				C3B0F47B293F2FE000C2B06C /* MovieListViewModel.swift in Sources */,
				C3B0F475293F2E5100C2B06C /* MovieTableViewCell.swift in Sources */,
				C3B0F479293F2F7000C2B06C /* GetPopularMoviesResponseModel.swift in Sources */,
				C3B0F47F293F328500C2B06C /* MovieDBClient.swift in Sources */,
				C3B0F485293F45BE00C2B06C /* MovieDetailModel.swift in Sources */,
				C3B0F489293F48A400C2B06C /* MovieDetailViewModel.swift in Sources */,
				C3B0F43F293F2A3E00C2B06C /* SceneDelegate.swift in Sources */,
				C3B0F487293F47B000C2B06C /* MovieDetailViewController.swift in Sources */,
				C3B0F47D293F31B300C2B06C /* Constants.swift in Sources */,
			);
			runOnlyForDeploymentPostprocessing = 0;
		};
		C3B0F44B293F2A3F00C2B06C /* Sources */ = {
			isa = PBXSourcesBuildPhase;
			buildActionMask = 2147483647;
			files = (
				C3B0F454293F2A3F00C2B06C /* MovieMVVMArchTests.swift in Sources */,
			);
			runOnlyForDeploymentPostprocessing = 0;
		};
		C3B0F455293F2A3F00C2B06C /* Sources */ = {
			isa = PBXSourcesBuildPhase;
			buildActionMask = 2147483647;
			files = (
				C3B0F45E293F2A3F00C2B06C /* MovieMVVMArchUITests.swift in Sources */,
				C3B0F460293F2A3F00C2B06C /* MovieMVVMArchUITestsLaunchTests.swift in Sources */,
			);
			runOnlyForDeploymentPostprocessing = 0;
		};
/* End PBXSourcesBuildPhase section */

/* Begin PBXTargetDependency section */
		C3B0F451293F2A3F00C2B06C /* PBXTargetDependency */ = {
			isa = PBXTargetDependency;
			target = C3B0F438293F2A3E00C2B06C /* MovieMVVMArch */;
			targetProxy = C3B0F450293F2A3F00C2B06C /* PBXContainerItemProxy */;
		};
		C3B0F45B293F2A3F00C2B06C /* PBXTargetDependency */ = {
			isa = PBXTargetDependency;
			target = C3B0F438293F2A3E00C2B06C /* MovieMVVMArch */;
			targetProxy = C3B0F45A293F2A3F00C2B06C /* PBXContainerItemProxy */;
		};
/* End PBXTargetDependency section */

/* Begin PBXVariantGroup section */
		C3B0F442293F2A3E00C2B06C /* Main.storyboard */ = {
			isa = PBXVariantGroup;
			children = (
				C3B0F443293F2A3E00C2B06C /* Base */,
			);
			name = Main.storyboard;
			sourceTree = "<group>";
		};
		C3B0F447293F2A3F00C2B06C /* LaunchScreen.storyboard */ = {
			isa = PBXVariantGroup;
			children = (
				C3B0F448293F2A3F00C2B06C /* Base */,
			);
			name = LaunchScreen.storyboard;
			sourceTree = "<group>";
		};
/* End PBXVariantGroup section */

/* Begin XCBuildConfiguration section */
		C3B0F461293F2A3F00C2B06C /* Debug */ = {
			isa = XCBuildConfiguration;
			buildSettings = {
				ALWAYS_SEARCH_USER_PATHS = NO;
				CLANG_ANALYZER_NONNULL = YES;
				CLANG_ANALYZER_NUMBER_OBJECT_CONVERSION = YES_AGGRESSIVE;
				CLANG_CXX_LANGUAGE_STANDARD = "gnu++20";
				CLANG_ENABLE_MODULES = YES;
				CLANG_ENABLE_OBJC_ARC = YES;
				CLANG_ENABLE_OBJC_WEAK = YES;
				CLANG_WARN_BLOCK_CAPTURE_AUTORELEASING = YES;
				CLANG_WARN_BOOL_CONVERSION = YES;
				CLANG_WARN_COMMA = YES;
				CLANG_WARN_CONSTANT_CONVERSION = YES;
				CLANG_WARN_DEPRECATED_OBJC_IMPLEMENTATIONS = YES;
				CLANG_WARN_DIRECT_OBJC_ISA_USAGE = YES_ERROR;
				CLANG_WARN_DOCUMENTATION_COMMENTS = YES;
				CLANG_WARN_EMPTY_BODY = YES;
				CLANG_WARN_ENUM_CONVERSION = YES;
				CLANG_WARN_INFINITE_RECURSION = YES;
				CLANG_WARN_INT_CONVERSION = YES;
				CLANG_WARN_NON_LITERAL_NULL_CONVERSION = YES;
				CLANG_WARN_OBJC_IMPLICIT_RETAIN_SELF = YES;
				CLANG_WARN_OBJC_LITERAL_CONVERSION = YES;
				CLANG_WARN_OBJC_ROOT_CLASS = YES_ERROR;
				CLANG_WARN_QUOTED_INCLUDE_IN_FRAMEWORK_HEADER = YES;
				CLANG_WARN_RANGE_LOOP_ANALYSIS = YES;
				CLANG_WARN_STRICT_PROTOTYPES = YES;
				CLANG_WARN_SUSPICIOUS_MOVE = YES;
				CLANG_WARN_UNGUARDED_AVAILABILITY = YES_AGGRESSIVE;
				CLANG_WARN_UNREACHABLE_CODE = YES;
				CLANG_WARN__DUPLICATE_METHOD_MATCH = YES;
				COPY_PHASE_STRIP = NO;
				DEBUG_INFORMATION_FORMAT = dwarf;
				ENABLE_STRICT_OBJC_MSGSEND = YES;
				ENABLE_TESTABILITY = YES;
				GCC_C_LANGUAGE_STANDARD = gnu11;
				GCC_DYNAMIC_NO_PIC = NO;
				GCC_NO_COMMON_BLOCKS = YES;
				GCC_OPTIMIZATION_LEVEL = 0;
				GCC_PREPROCESSOR_DEFINITIONS = (
					"DEBUG=1",
					"$(inherited)",
				);
				GCC_WARN_64_TO_32_BIT_CONVERSION = YES;
				GCC_WARN_ABOUT_RETURN_TYPE = YES_ERROR;
				GCC_WARN_UNDECLARED_SELECTOR = YES;
				GCC_WARN_UNINITIALIZED_AUTOS = YES_AGGRESSIVE;
				GCC_WARN_UNUSED_FUNCTION = YES;
				GCC_WARN_UNUSED_VARIABLE = YES;
				IPHONEOS_DEPLOYMENT_TARGET = 16.1;
				MTL_ENABLE_DEBUG_INFO = INCLUDE_SOURCE;
				MTL_FAST_MATH = YES;
				ONLY_ACTIVE_ARCH = YES;
				SDKROOT = iphoneos;
				SWIFT_ACTIVE_COMPILATION_CONDITIONS = DEBUG;
				SWIFT_OPTIMIZATION_LEVEL = "-Onone";
			};
			name = Debug;
		};
		C3B0F462293F2A3F00C2B06C /* Release */ = {
			isa = XCBuildConfiguration;
			buildSettings = {
				ALWAYS_SEARCH_USER_PATHS = NO;
				CLANG_ANALYZER_NONNULL = YES;
				CLANG_ANALYZER_NUMBER_OBJECT_CONVERSION = YES_AGGRESSIVE;
				CLANG_CXX_LANGUAGE_STANDARD = "gnu++20";
				CLANG_ENABLE_MODULES = YES;
				CLANG_ENABLE_OBJC_ARC = YES;
				CLANG_ENABLE_OBJC_WEAK = YES;
				CLANG_WARN_BLOCK_CAPTURE_AUTORELEASING = YES;
				CLANG_WARN_BOOL_CONVERSION = YES;
				CLANG_WARN_COMMA = YES;
				CLANG_WARN_CONSTANT_CONVERSION = YES;
				CLANG_WARN_DEPRECATED_OBJC_IMPLEMENTATIONS = YES;
				CLANG_WARN_DIRECT_OBJC_ISA_USAGE = YES_ERROR;
				CLANG_WARN_DOCUMENTATION_COMMENTS = YES;
				CLANG_WARN_EMPTY_BODY = YES;
				CLANG_WARN_ENUM_CONVERSION = YES;
				CLANG_WARN_INFINITE_RECURSION = YES;
				CLANG_WARN_INT_CONVERSION = YES;
				CLANG_WARN_NON_LITERAL_NULL_CONVERSION = YES;
				CLANG_WARN_OBJC_IMPLICIT_RETAIN_SELF = YES;
				CLANG_WARN_OBJC_LITERAL_CONVERSION = YES;
				CLANG_WARN_OBJC_ROOT_CLASS = YES_ERROR;
				CLANG_WARN_QUOTED_INCLUDE_IN_FRAMEWORK_HEADER = YES;
				CLANG_WARN_RANGE_LOOP_ANALYSIS = YES;
				CLANG_WARN_STRICT_PROTOTYPES = YES;
				CLANG_WARN_SUSPICIOUS_MOVE = YES;
				CLANG_WARN_UNGUARDED_AVAILABILITY = YES_AGGRESSIVE;
				CLANG_WARN_UNREACHABLE_CODE = YES;
				CLANG_WARN__DUPLICATE_METHOD_MATCH = YES;
				COPY_PHASE_STRIP = NO;
				DEBUG_INFORMATION_FORMAT = "dwarf-with-dsym";
				ENABLE_NS_ASSERTIONS = NO;
				ENABLE_STRICT_OBJC_MSGSEND = YES;
				GCC_C_LANGUAGE_STANDARD = gnu11;
				GCC_NO_COMMON_BLOCKS = YES;
				GCC_WARN_64_TO_32_BIT_CONVERSION = YES;
				GCC_WARN_ABOUT_RETURN_TYPE = YES_ERROR;
				GCC_WARN_UNDECLARED_SELECTOR = YES;
				GCC_WARN_UNINITIALIZED_AUTOS = YES_AGGRESSIVE;
				GCC_WARN_UNUSED_FUNCTION = YES;
				GCC_WARN_UNUSED_VARIABLE = YES;
				IPHONEOS_DEPLOYMENT_TARGET = 16.1;
				MTL_ENABLE_DEBUG_INFO = NO;
				MTL_FAST_MATH = YES;
				SDKROOT = iphoneos;
				SWIFT_COMPILATION_MODE = wholemodule;
				SWIFT_OPTIMIZATION_LEVEL = "-O";
				VALIDATE_PRODUCT = YES;
			};
			name = Release;
		};
		C3B0F464293F2A3F00C2B06C /* Debug */ = {
			isa = XCBuildConfiguration;
			baseConfigurationReference = 666A60E8AB773391F4D16B8E /* Pods-MovieMVVMArch.debug.xcconfig */;
			buildSettings = {
				ASSETCATALOG_COMPILER_APPICON_NAME = AppIcon;
				ASSETCATALOG_COMPILER_GLOBAL_ACCENT_COLOR_NAME = AccentColor;
				CODE_SIGN_STYLE = Automatic;
				CURRENT_PROJECT_VERSION = 1;
				DEVELOPMENT_TEAM = DP7QQJ422M;
				GENERATE_INFOPLIST_FILE = YES;
				INFOPLIST_FILE = MovieMVVMArch/Info.plist;
				INFOPLIST_KEY_UIApplicationSupportsIndirectInputEvents = YES;
				INFOPLIST_KEY_UILaunchStoryboardName = LaunchScreen;
				INFOPLIST_KEY_UIMainStoryboardFile = Main;
				INFOPLIST_KEY_UISupportedInterfaceOrientations_iPad = "UIInterfaceOrientationPortrait UIInterfaceOrientationPortraitUpsideDown UIInterfaceOrientationLandscapeLeft UIInterfaceOrientationLandscapeRight";
				INFOPLIST_KEY_UISupportedInterfaceOrientations_iPhone = "UIInterfaceOrientationPortrait UIInterfaceOrientationLandscapeLeft UIInterfaceOrientationLandscapeRight";
				LD_RUNPATH_SEARCH_PATHS = (
					"$(inherited)",
					"@executable_path/Frameworks",
				);
				MARKETING_VERSION = 1.0;
				PRODUCT_BUNDLE_IDENTIFIER = com.alihankuzucuk.MovieMVVMArch;
				PRODUCT_NAME = "$(TARGET_NAME)";
				SWIFT_EMIT_LOC_STRINGS = YES;
				SWIFT_VERSION = 5.0;
				TARGETED_DEVICE_FAMILY = "1,2";
			};
			name = Debug;
		};
		C3B0F465293F2A3F00C2B06C /* Release */ = {
			isa = XCBuildConfiguration;
			baseConfigurationReference = 98DE79254B89D984E5001FBE /* Pods-MovieMVVMArch.release.xcconfig */;
			buildSettings = {
				ASSETCATALOG_COMPILER_APPICON_NAME = AppIcon;
				ASSETCATALOG_COMPILER_GLOBAL_ACCENT_COLOR_NAME = AccentColor;
				CODE_SIGN_STYLE = Automatic;
				CURRENT_PROJECT_VERSION = 1;
				DEVELOPMENT_TEAM = DP7QQJ422M;
				GENERATE_INFOPLIST_FILE = YES;
				INFOPLIST_FILE = MovieMVVMArch/Info.plist;
				INFOPLIST_KEY_UIApplicationSupportsIndirectInputEvents = YES;
				INFOPLIST_KEY_UILaunchStoryboardName = LaunchScreen;
				INFOPLIST_KEY_UIMainStoryboardFile = Main;
				INFOPLIST_KEY_UISupportedInterfaceOrientations_iPad = "UIInterfaceOrientationPortrait UIInterfaceOrientationPortraitUpsideDown UIInterfaceOrientationLandscapeLeft UIInterfaceOrientationLandscapeRight";
				INFOPLIST_KEY_UISupportedInterfaceOrientations_iPhone = "UIInterfaceOrientationPortrait UIInterfaceOrientationLandscapeLeft UIInterfaceOrientationLandscapeRight";
				LD_RUNPATH_SEARCH_PATHS = (
					"$(inherited)",
					"@executable_path/Frameworks",
				);
				MARKETING_VERSION = 1.0;
				PRODUCT_BUNDLE_IDENTIFIER = com.alihankuzucuk.MovieMVVMArch;
				PRODUCT_NAME = "$(TARGET_NAME)";
				SWIFT_EMIT_LOC_STRINGS = YES;
				SWIFT_VERSION = 5.0;
				TARGETED_DEVICE_FAMILY = "1,2";
			};
			name = Release;
		};
		C3B0F467293F2A3F00C2B06C /* Debug */ = {
			isa = XCBuildConfiguration;
			baseConfigurationReference = 891BA71AA5C81E45935CF99F /* Pods-MovieMVVMArchTests.debug.xcconfig */;
			buildSettings = {
				ALWAYS_EMBED_SWIFT_STANDARD_LIBRARIES = YES;
				BUNDLE_LOADER = "$(TEST_HOST)";
				CODE_SIGN_STYLE = Automatic;
				CURRENT_PROJECT_VERSION = 1;
				DEVELOPMENT_TEAM = DP7QQJ422M;
				GENERATE_INFOPLIST_FILE = YES;
				IPHONEOS_DEPLOYMENT_TARGET = 16.1;
				MARKETING_VERSION = 1.0;
				PRODUCT_BUNDLE_IDENTIFIER = com.alihankuzucuk.MovieMVVMArchTests;
				PRODUCT_NAME = "$(TARGET_NAME)";
				SWIFT_EMIT_LOC_STRINGS = NO;
				SWIFT_VERSION = 5.0;
				TARGETED_DEVICE_FAMILY = "1,2";
				TEST_HOST = "$(BUILT_PRODUCTS_DIR)/MovieMVVMArch.app/$(BUNDLE_EXECUTABLE_FOLDER_PATH)/MovieMVVMArch";
			};
			name = Debug;
		};
		C3B0F468293F2A3F00C2B06C /* Release */ = {
			isa = XCBuildConfiguration;
			baseConfigurationReference = 79355AB4B35A5532496A8599 /* Pods-MovieMVVMArchTests.release.xcconfig */;
			buildSettings = {
				ALWAYS_EMBED_SWIFT_STANDARD_LIBRARIES = YES;
				BUNDLE_LOADER = "$(TEST_HOST)";
				CODE_SIGN_STYLE = Automatic;
				CURRENT_PROJECT_VERSION = 1;
				DEVELOPMENT_TEAM = DP7QQJ422M;
				GENERATE_INFOPLIST_FILE = YES;
				IPHONEOS_DEPLOYMENT_TARGET = 16.1;
				MARKETING_VERSION = 1.0;
				PRODUCT_BUNDLE_IDENTIFIER = com.alihankuzucuk.MovieMVVMArchTests;
				PRODUCT_NAME = "$(TARGET_NAME)";
				SWIFT_EMIT_LOC_STRINGS = NO;
				SWIFT_VERSION = 5.0;
				TARGETED_DEVICE_FAMILY = "1,2";
				TEST_HOST = "$(BUILT_PRODUCTS_DIR)/MovieMVVMArch.app/$(BUNDLE_EXECUTABLE_FOLDER_PATH)/MovieMVVMArch";
			};
			name = Release;
		};
		C3B0F46A293F2A3F00C2B06C /* Debug */ = {
			isa = XCBuildConfiguration;
			baseConfigurationReference = 120EFF63E1D4FBE26CCD6879 /* Pods-MovieMVVMArch-MovieMVVMArchUITests.debug.xcconfig */;
			buildSettings = {
				ALWAYS_EMBED_SWIFT_STANDARD_LIBRARIES = YES;
				CODE_SIGN_STYLE = Automatic;
				CURRENT_PROJECT_VERSION = 1;
				DEVELOPMENT_TEAM = DP7QQJ422M;
				GENERATE_INFOPLIST_FILE = YES;
				MARKETING_VERSION = 1.0;
				PRODUCT_BUNDLE_IDENTIFIER = com.alihankuzucuk.MovieMVVMArchUITests;
				PRODUCT_NAME = "$(TARGET_NAME)";
				SWIFT_EMIT_LOC_STRINGS = NO;
				SWIFT_VERSION = 5.0;
				TARGETED_DEVICE_FAMILY = "1,2";
				TEST_TARGET_NAME = MovieMVVMArch;
			};
			name = Debug;
		};
		C3B0F46B293F2A3F00C2B06C /* Release */ = {
			isa = XCBuildConfiguration;
			baseConfigurationReference = 7803203F525A7A68C18124AF /* Pods-MovieMVVMArch-MovieMVVMArchUITests.release.xcconfig */;
			buildSettings = {
				ALWAYS_EMBED_SWIFT_STANDARD_LIBRARIES = YES;
				CODE_SIGN_STYLE = Automatic;
				CURRENT_PROJECT_VERSION = 1;
				DEVELOPMENT_TEAM = DP7QQJ422M;
				GENERATE_INFOPLIST_FILE = YES;
				MARKETING_VERSION = 1.0;
				PRODUCT_BUNDLE_IDENTIFIER = com.alihankuzucuk.MovieMVVMArchUITests;
				PRODUCT_NAME = "$(TARGET_NAME)";
				SWIFT_EMIT_LOC_STRINGS = NO;
				SWIFT_VERSION = 5.0;
				TARGETED_DEVICE_FAMILY = "1,2";
				TEST_TARGET_NAME = MovieMVVMArch;
			};
			name = Release;
		};
/* End XCBuildConfiguration section */

/* Begin XCConfigurationList section */
		C3B0F434293F2A3E00C2B06C /* Build configuration list for PBXProject "MovieMVVMArch" */ = {
			isa = XCConfigurationList;
			buildConfigurations = (
				C3B0F461293F2A3F00C2B06C /* Debug */,
				C3B0F462293F2A3F00C2B06C /* Release */,
			);
			defaultConfigurationIsVisible = 0;
			defaultConfigurationName = Release;
		};
		C3B0F463293F2A3F00C2B06C /* Build configuration list for PBXNativeTarget "MovieMVVMArch" */ = {
			isa = XCConfigurationList;
			buildConfigurations = (
				C3B0F464293F2A3F00C2B06C /* Debug */,
				C3B0F465293F2A3F00C2B06C /* Release */,
			);
			defaultConfigurationIsVisible = 0;
			defaultConfigurationName = Release;
		};
		C3B0F466293F2A3F00C2B06C /* Build configuration list for PBXNativeTarget "MovieMVVMArchTests" */ = {
			isa = XCConfigurationList;
			buildConfigurations = (
				C3B0F467293F2A3F00C2B06C /* Debug */,
				C3B0F468293F2A3F00C2B06C /* Release */,
			);
			defaultConfigurationIsVisible = 0;
			defaultConfigurationName = Release;
		};
		C3B0F469293F2A3F00C2B06C /* Build configuration list for PBXNativeTarget "MovieMVVMArchUITests" */ = {
			isa = XCConfigurationList;
			buildConfigurations = (
				C3B0F46A293F2A3F00C2B06C /* Debug */,
				C3B0F46B293F2A3F00C2B06C /* Release */,
			);
			defaultConfigurationIsVisible = 0;
			defaultConfigurationName = Release;
		};
/* End XCConfigurationList section */
	};
	rootObject = C3B0F431293F2A3E00C2B06C /* Project object */;
}
